
Microsoft Visual Studio Solution File, Format Version 12.00
# Visual Studio 15
VisualStudioVersion = 15.0.28307.1800
MinimumVisualStudioVersion = 10.0.40219.1
Project("{FAE04EC0-301F-11D3-BF4B-00C04F79EFBC}") = "svp-data-exporter", "svp-data-exporter.csproj", "{C39CA550-652E-451A-8A4F-B1CD9F045BD7}"
EndProject
Global
	GlobalSection(SolutionConfigurationPlatforms) = preSolution
		Debug|Any CPU = Debug|Any CPU
		Release|Any CPU = Release|Any CPU
	EndGlobalSection
	GlobalSection(ProjectConfigurationPlatforms) = postSolution
		{C39CA550-652E-451A-8A4F-B1CD9F045BD7}.Debug|Any CPU.ActiveCfg = Debug|Any CPU
		{C39CA550-652E-451A-8A4F-B1CD9F045BD7}.Debug|Any CPU.Build.0 = Debug|Any CPU
		{C39CA550-652E-451A-8A4F-B1CD9F045BD7}.Release|Any CPU.ActiveCfg = Release|Any CPU
		{C39CA550-652E-451A-8A4F-B1CD9F045BD7}.Release|Any CPU.Build.0 = Release|Any CPU
	EndGlobalSection
	GlobalSection(SolutionProperties) = preSolution
		HideSolutionNode = FALSE
	EndGlobalSection
	GlobalSection(ExtensibilityGlobals) = postSolution
		SolutionGuid = {57DFB017-C255-4466-8286-04C0C940CFD6}
	EndGlobalSection
EndGlobal
